version = 1
revision = 1
requires-python = ">=3.12"

[[package]]
name = "colorama"
version = "0.4.6"
source = { registry = "https://pypi.tuna.tsinghua.edu.cn/simple/" }
sdist = { url = "https://pypi.tuna.tsinghua.edu.cn/packages/d8/53/6f443c9a4a8358a93a6792e2acffb9d9d5cb0a5cfd8802644b7b1c9a02e4/colorama-0.4.6.tar.gz", hash = "sha256:08695f5cb7ed6e0531a20572697297273c47b8cae5a63ffc6d6ed5c201be6e44", size = 27697 }
wheels = [
    { url = "https://pypi.tuna.tsinghua.edu.cn/packages/d1/d6/3965ed04c63042e047cb6a3e6ed1a63a35087b6a609aa3a15ed8ac56c221/colorama-0.4.6-py2.py3-none-any.whl", hash = "sha256:4f1d9991f5acc0ca119f9d443620b77f9d6b33703e51011c16baf57afb285fc6", size = 25335 },
]

[[package]]
name = "colorlog"
version = "6.9.0"
source = { registry = "https://pypi.tuna.tsinghua.edu.cn/simple/" }
dependencies = [
    { name = "colorama", marker = "sys_platform == 'win32'" },
]
sdist = { url = "https://pypi.tuna.tsinghua.edu.cn/packages/d3/7a/359f4d5df2353f26172b3cc39ea32daa39af8de522205f512f458923e677/colorlog-6.9.0.tar.gz", hash = "sha256:bfba54a1b93b94f54e1f4fe48395725a3d92fd2a4af702f6bd70946bdc0c6ac2", size = 16624 }
wheels = [
    { url = "https://pypi.tuna.tsinghua.edu.cn/packages/e3/51/9b208e85196941db2f0654ad0357ca6388ab3ed67efdbfc799f35d1f83aa/colorlog-6.9.0-py3-none-any.whl", hash = "sha256:5906e71acd67cb07a71e779c47c4bcb45fb8c2993eebe9e5adcd6a6f1b283eff", size = 11424 },
]

[[package]]
name = "orjson"
version = "3.11.0"
source = { registry = "https://pypi.tuna.tsinghua.edu.cn/simple/" }
sdist = { url = "https://pypi.tuna.tsinghua.edu.cn/packages/29/87/03ababa86d984952304ac8ce9fbd3a317afb4a225b9a81f9b606ac60c873/orjson-3.11.0.tar.gz", hash = "sha256:2e4c129da624f291bcc607016a99e7f04a353f6874f3bd8d9b47b88597d5f700", size = 5318246 }
wheels = [
    { url = "https://pypi.tuna.tsinghua.edu.cn/packages/92/c9/241e304fb1e58ea70b720f1a9e5349c6bb7735ffac401ef1b94f422edd6d/orjson-3.11.0-cp312-cp312-macosx_10_15_x86_64.macosx_11_0_arm64.macosx_10_15_universal2.whl", hash = "sha256:b4089f940c638bb1947d54e46c1cd58f4259072fcc97bc833ea9c78903150ac9", size = 240269 },
    { url = "https://pypi.tuna.tsinghua.edu.cn/packages/26/7c/289457cdf40be992b43f1d90ae213ebc03a31a8e2850271ecd79e79a3135/orjson-3.11.0-cp312-cp312-macosx_15_0_arm64.whl", hash = "sha256:8335a0ba1c26359fb5c82d643b4c1abbee2bc62875e0f2b5bde6c8e9e25eb68c", size = 129276 },
    { url = "https://pypi.tuna.tsinghua.edu.cn/packages/66/de/5c0528d46ded965939b6b7f75b1fe93af42b9906b0039096fc92c9001c12/orjson-3.11.0-cp312-cp312-manylinux_2_17_aarch64.manylinux2014_aarch64.whl", hash = "sha256:63c1c9772dafc811d16d6a7efa3369a739da15d1720d6e58ebe7562f54d6f4a2", size = 131966 },
    { url = "https://pypi.tuna.tsinghua.edu.cn/packages/ad/74/39822f267b5935fb6fc961ccc443f4968a74d34fc9270b83caa44e37d907/orjson-3.11.0-cp312-cp312-manylinux_2_17_armv7l.manylinux2014_armv7l.whl", hash = "sha256:9457ccbd8b241fb4ba516417a4c5b95ba0059df4ac801309bcb4ec3870f45ad9", size = 127028 },
    { url = "https://pypi.tuna.tsinghua.edu.cn/packages/7c/e3/28f6ed7f03db69bddb3ef48621b2b05b394125188f5909ee0a43fcf4820e/orjson-3.11.0-cp312-cp312-manylinux_2_17_i686.manylinux2014_i686.whl", hash = "sha256:0846e13abe79daece94a00b92574f294acad1d362be766c04245b9b4dd0e47e1", size = 129105 },
    { url = "https://pypi.tuna.tsinghua.edu.cn/packages/cb/50/8867fd2fc92c0ab1c3e14673ec5d9d0191202e4ab8ba6256d7a1d6943ad3/orjson-3.11.0-cp312-cp312-manylinux_2_17_ppc64le.manylinux2014_ppc64le.whl", hash = "sha256:5587c85ae02f608a3f377b6af9eb04829606f518257cbffa8f5081c1aacf2e2f", size = 131902 },
    { url = "https://pypi.tuna.tsinghua.edu.cn/packages/13/65/c189deea10342afee08006331082ff67d11b98c2394989998b3ea060354a/orjson-3.11.0-cp312-cp312-manylinux_2_17_s390x.manylinux2014_s390x.whl", hash = "sha256:c7a1964a71c1567b4570c932a0084ac24ad52c8cf6253d1881400936565ed438", size = 134042 },
    { url = "https://pypi.tuna.tsinghua.edu.cn/packages/2b/e4/cf23c3f4231d2a9a043940ab045f799f84a6df1b4fb6c9b4412cdc3ebf8c/orjson-3.11.0-cp312-cp312-manylinux_2_17_x86_64.manylinux2014_x86_64.whl", hash = "sha256:b5a8243e73690cc6e9151c9e1dd046a8f21778d775f7d478fa1eb4daa4897c61", size = 128260 },
    { url = "https://pypi.tuna.tsinghua.edu.cn/packages/de/b9/2cb94d3a67edb918d19bad4a831af99cd96c3657a23daa239611bcf335d7/orjson-3.11.0-cp312-cp312-musllinux_1_2_aarch64.whl", hash = "sha256:51646f6d995df37b6e1b628f092f41c0feccf1d47e3452c6e95e2474b547d842", size = 130282 },
    { url = "https://pypi.tuna.tsinghua.edu.cn/packages/0b/96/df963cc973e689d4c56398647917b4ee95f47e5b6d2779338c09c015b23b/orjson-3.11.0-cp312-cp312-musllinux_1_2_armv7l.whl", hash = "sha256:2fb8ca8f0b4e31b8aaec674c7540649b64ef02809410506a44dc68d31bd5647b", size = 403765 },
    { url = "https://pypi.tuna.tsinghua.edu.cn/packages/fb/92/71429ee1badb69f53281602dbb270fa84fc2e51c83193a814d0208bb63b0/orjson-3.11.0-cp312-cp312-musllinux_1_2_i686.whl", hash = "sha256:64a6a3e94a44856c3f6557e6aa56a6686544fed9816ae0afa8df9077f5759791", size = 144779 },
    { url = "https://pypi.tuna.tsinghua.edu.cn/packages/c8/ab/3678b2e5ff0c622a974cb8664ed7cdda5ed26ae2b9d71ba66ec36f32d6cf/orjson-3.11.0-cp312-cp312-musllinux_1_2_x86_64.whl", hash = "sha256:d69f95d484938d8fab5963e09131bcf9fbbb81fa4ec132e316eb2fb9adb8ce78", size = 132797 },
    { url = "https://pypi.tuna.tsinghua.edu.cn/packages/9d/8c/74509f715ff189d2aca90ebb0bd5af6658e0f9aa2512abbe6feca4c78208/orjson-3.11.0-cp312-cp312-win32.whl", hash = "sha256:8514f9f9c667ce7d7ef709ab1a73e7fcab78c297270e90b1963df7126d2b0e23", size = 134695 },
    { url = "https://pypi.tuna.tsinghua.edu.cn/packages/82/ba/ef25e3e223f452a01eac6a5b38d05c152d037508dcbf87ad2858cbb7d82e/orjson-3.11.0-cp312-cp312-win_amd64.whl", hash = "sha256:41b38a894520b8cb5344a35ffafdf6ae8042f56d16771b2c5eb107798cee85ee", size = 129446 },
    { url = "https://pypi.tuna.tsinghua.edu.cn/packages/e3/cd/6f4d93867c5d81bb4ab2d4ac870d3d6e9ba34fa580a03b8d04bf1ce1d8ad/orjson-3.11.0-cp312-cp312-win_arm64.whl", hash = "sha256:5579acd235dd134467340b2f8a670c1c36023b5a69c6a3174c4792af7502bd92", size = 126400 },
    { url = "https://pypi.tuna.tsinghua.edu.cn/packages/31/63/82d9b6b48624009d230bc6038e54778af8f84dfd54402f9504f477c5cfd5/orjson-3.11.0-cp313-cp313-macosx_10_15_x86_64.macosx_11_0_arm64.macosx_10_15_universal2.whl", hash = "sha256:4a8ba9698655e16746fdf5266939427da0f9553305152aeb1a1cc14974a19cfb", size = 240125 },
    { url = "https://pypi.tuna.tsinghua.edu.cn/packages/16/3a/d557ed87c63237d4c97a7bac7ac054c347ab8c4b6da09748d162ca287175/orjson-3.11.0-cp313-cp313-macosx_15_0_arm64.whl", hash = "sha256:67133847f9a35a5ef5acfa3325d4a2f7fe05c11f1505c4117bb086fc06f2a58f", size = 129189 },
    { url = "https://pypi.tuna.tsinghua.edu.cn/packages/69/5e/b2c9e22e2cd10aa7d76a629cee65d661e06a61fbaf4dc226386f5636dd44/orjson-3.11.0-cp313-cp313-manylinux_2_17_aarch64.manylinux2014_aarch64.whl", hash = "sha256:5f797d57814975b78f5f5423acb003db6f9be5186b72d48bd97a1000e89d331d", size = 131953 },
    { url = "https://pypi.tuna.tsinghua.edu.cn/packages/e2/60/760fcd9b50eb44d1206f2b30c8d310b79714553b9d94a02f9ea3252ebe63/orjson-3.11.0-cp313-cp313-manylinux_2_17_armv7l.manylinux2014_armv7l.whl", hash = "sha256:28acd19822987c5163b9e03a6e60853a52acfee384af2b394d11cb413b889246", size = 126922 },
    { url = "https://pypi.tuna.tsinghua.edu.cn/packages/6a/7a/8c46daa867ccc92da6de9567608be62052774b924a77c78382e30d50b579/orjson-3.11.0-cp313-cp313-manylinux_2_17_i686.manylinux2014_i686.whl", hash = "sha256:e8d38d9e1e2cf9729658e35956cf01e13e89148beb4cb9e794c9c10c5cb252f8", size = 128787 },
    { url = "https://pypi.tuna.tsinghua.edu.cn/packages/f2/14/a2f1b123d85f11a19e8749f7d3f9ed6c9b331c61f7b47cfd3e9a1fedb9bc/orjson-3.11.0-cp313-cp313-manylinux_2_17_ppc64le.manylinux2014_ppc64le.whl", hash = "sha256:05f094edd2b782650b0761fd78858d9254de1c1286f5af43145b3d08cdacfd51", size = 131895 },
    { url = "https://pypi.tuna.tsinghua.edu.cn/packages/c8/10/362e8192df7528e8086ea712c5cb01355c8d4e52c59a804417ba01e2eb2d/orjson-3.11.0-cp313-cp313-manylinux_2_17_s390x.manylinux2014_s390x.whl", hash = "sha256:6d09176a4a9e04a5394a4a0edd758f645d53d903b306d02f2691b97d5c736a9e", size = 133868 },
    { url = "https://pypi.tuna.tsinghua.edu.cn/packages/f8/4e/ef43582ef3e3dfd2a39bc3106fa543364fde1ba58489841120219da6e22f/orjson-3.11.0-cp313-cp313-manylinux_2_17_x86_64.manylinux2014_x86_64.whl", hash = "sha256:2a585042104e90a61eda2564d11317b6a304eb4e71cd33e839f5af6be56c34d3", size = 128234 },
    { url = "https://pypi.tuna.tsinghua.edu.cn/packages/d7/fa/02dabb2f1d605bee8c4bb1160cfc7467976b1ed359a62cc92e0681b53c45/orjson-3.11.0-cp313-cp313-musllinux_1_2_aarch64.whl", hash = "sha256:d2218629dbfdeeb5c9e0573d59f809d42f9d49ae6464d2f479e667aee14c3ef4", size = 130232 },
    { url = "https://pypi.tuna.tsinghua.edu.cn/packages/16/76/951b5619605c8d2ede80cc989f32a66abc954530d86e84030db2250c63a1/orjson-3.11.0-cp313-cp313-musllinux_1_2_armv7l.whl", hash = "sha256:613e54a2b10b51b656305c11235a9c4a5c5491ef5c283f86483d4e9e123ed5e4", size = 403648 },
    { url = "https://pypi.tuna.tsinghua.edu.cn/packages/96/e2/5fa53bb411455a63b3713db90b588e6ca5ed2db59ad49b3fb8a0e94e0dda/orjson-3.11.0-cp313-cp313-musllinux_1_2_i686.whl", hash = "sha256:9dac7fbf3b8b05965986c5cfae051eb9a30fced7f15f1d13a5adc608436eb486", size = 144572 },
    { url = "https://pypi.tuna.tsinghua.edu.cn/packages/ad/d0/7d6f91e1e0f034258c3a3358f20b0c9490070e8a7ab8880085547274c7f9/orjson-3.11.0-cp313-cp313-musllinux_1_2_x86_64.whl", hash = "sha256:93b64b254414e2be55ac5257124b5602c5f0b4d06b80bd27d1165efe8f36e836", size = 132766 },
    { url = "https://pypi.tuna.tsinghua.edu.cn/packages/ff/f8/4d46481f1b3fb40dc826d62179f96c808eb470cdcc74b6593fb114d74af3/orjson-3.11.0-cp313-cp313-win32.whl", hash = "sha256:359cbe11bc940c64cb3848cf22000d2aef36aff7bfd09ca2c0b9cb309c387132", size = 134638 },
    { url = "https://pypi.tuna.tsinghua.edu.cn/packages/85/3f/544938dcfb7337d85ee1e43d7685cf8f3bfd452e0b15a32fe70cb4ca5094/orjson-3.11.0-cp313-cp313-win_amd64.whl", hash = "sha256:0759b36428067dc777b202dd286fbdd33d7f261c6455c4238ea4e8474358b1e6", size = 129411 },
    { url = "https://pypi.tuna.tsinghua.edu.cn/packages/43/0c/f75015669d7817d222df1bb207f402277b77d22c4833950c8c8c7cf2d325/orjson-3.11.0-cp313-cp313-win_arm64.whl", hash = "sha256:51cdca2f36e923126d0734efaf72ddbb5d6da01dbd20eab898bdc50de80d7b5a", size = 126349 },
]

[[package]]
name = "pygame"
version = "2.6.1"
source = { registry = "https://pypi.tuna.tsinghua.edu.cn/simple/" }
sdist = { url = "https://pypi.tuna.tsinghua.edu.cn/packages/49/cc/08bba60f00541f62aaa252ce0cfbd60aebd04616c0b9574f755b583e45ae/pygame-2.6.1.tar.gz", hash = "sha256:56fb02ead529cee00d415c3e007f75e0780c655909aaa8e8bf616ee09c9feb1f", size = 14808125 }
wheels = [
    { url = "https://pypi.tuna.tsinghua.edu.cn/packages/92/16/2c602c332f45ff9526d61f6bd764db5096ff9035433e2172e2d2cadae8db/pygame-2.6.1-cp312-cp312-macosx_10_9_x86_64.whl", hash = "sha256:4ee7f2771f588c966fa2fa8b829be26698c9b4836f82ede5e4edc1a68594942e", size = 13118279 },
    { url = "https://pypi.tuna.tsinghua.edu.cn/packages/cd/53/77ccbc384b251c6e34bfd2e734c638233922449a7844e3c7a11ef91cee39/pygame-2.6.1-cp312-cp312-macosx_11_0_arm64.whl", hash = "sha256:c8040ea2ab18c6b255af706ec01355c8a6b08dc48d77fd4ee783f8fc46a843bf", size = 12384524 },
    { url = "https://pypi.tuna.tsinghua.edu.cn/packages/06/be/3ed337583f010696c3b3435e89a74fb29d0c74d0931e8f33c0a4246307a9/pygame-2.6.1-cp312-cp312-manylinux_2_17_aarch64.manylinux2014_aarch64.whl", hash = "sha256:c47a6938de93fa610accd4969e638c2aebcb29b2fca518a84c3a39d91ab47116", size = 13587123 },
    { url = "https://pypi.tuna.tsinghua.edu.cn/packages/fd/ca/b015586a450db59313535662991b34d24c1f0c0dc149cc5f496573900f4e/pygame-2.6.1-cp312-cp312-manylinux_2_17_i686.manylinux2014_i686.whl", hash = "sha256:33006f784e1c7d7e466fcb61d5489da59cc5f7eb098712f792a225df1d4e229d", size = 14275532 },
    { url = "https://pypi.tuna.tsinghua.edu.cn/packages/b9/f2/d31e6ad42d657af07be2ffd779190353f759a07b51232b9e1d724f2cda46/pygame-2.6.1-cp312-cp312-manylinux_2_17_x86_64.manylinux2014_x86_64.whl", hash = "sha256:1206125f14cae22c44565c9d333607f1d9f59487b1f1432945dfc809aeaa3e88", size = 13952653 },
    { url = "https://pypi.tuna.tsinghua.edu.cn/packages/f3/42/8ea2a6979e6fa971702fece1747e862e2256d4a8558fe0da6364dd946c53/pygame-2.6.1-cp312-cp312-win32.whl", hash = "sha256:84fc4054e25262140d09d39e094f6880d730199710829902f0d8ceae0213379e", size = 10252421 },
    { url = "https://pypi.tuna.tsinghua.edu.cn/packages/5f/90/7d766d54bb95939725e9a9361f9c06b0cfbe3fe100aa35400f0a461a278a/pygame-2.6.1-cp312-cp312-win_amd64.whl", hash = "sha256:3a9e7396be0d9633831c3f8d5d82dd63ba373ad65599628294b7a4f8a5a01a65", size = 10624591 },
    { url = "https://pypi.tuna.tsinghua.edu.cn/packages/e1/91/718acf3e2a9d08a6ddcc96bd02a6f63c99ee7ba14afeaff2a51c987df0b9/pygame-2.6.1-cp313-cp313-macosx_10_13_x86_64.whl", hash = "sha256:ae6039f3a55d800db80e8010f387557b528d34d534435e0871326804df2a62f2", size = 13090765 },
    { url = "https://pypi.tuna.tsinghua.edu.cn/packages/0e/c6/9cb315de851a7682d9c7568a41ea042ee98d668cb8deadc1dafcab6116f0/pygame-2.6.1-cp313-cp313-macosx_11_0_arm64.whl", hash = "sha256:2a3a1288e2e9b1e5834e425bedd5ba01a3cd4902b5c2bff8ed4a740ccfe98171", size = 12381704 },
    { url = "https://pypi.tuna.tsinghua.edu.cn/packages/9f/8f/617a1196e31ae3b46be6949fbaa95b8c93ce15e0544266198c2266cc1b4d/pygame-2.6.1-cp313-cp313-manylinux_2_17_aarch64.manylinux2014_aarch64.whl", hash = "sha256:27eb17e3dc9640e4b4683074f1890e2e879827447770470c2aba9f125f74510b", size = 13581091 },
    { url = "https://pypi.tuna.tsinghua.edu.cn/packages/3b/87/2851a564e40a2dad353f1c6e143465d445dab18a95281f9ea458b94f3608/pygame-2.6.1-cp313-cp313-manylinux_2_17_i686.manylinux2014_i686.whl", hash = "sha256:4c1623180e70a03c4a734deb9bac50fc9c82942ae84a3a220779062128e75f3b", size = 14273844 },
    { url = "https://pypi.tuna.tsinghua.edu.cn/packages/85/b5/aa23aa2e70bcba42c989c02e7228273c30f3b44b9b264abb93eaeff43ad7/pygame-2.6.1-cp313-cp313-manylinux_2_17_x86_64.manylinux2014_x86_64.whl", hash = "sha256:ef07c0103d79492c21fced9ad68c11c32efa6801ca1920ebfd0f15fb46c78b1c", size = 13951197 },
    { url = "https://pypi.tuna.tsinghua.edu.cn/packages/a6/06/29e939b34d3f1354738c7d201c51c250ad7abefefaf6f8332d962ff67c4b/pygame-2.6.1-cp313-cp313-win32.whl", hash = "sha256:3acd8c009317190c2bfd81db681ecef47d5eb108c2151d09596d9c7ea9df5c0e", size = 10249309 },
    { url = "https://pypi.tuna.tsinghua.edu.cn/packages/7e/11/17f7f319ca91824b86557e9303e3b7a71991ef17fd45286bf47d7f0a38e6/pygame-2.6.1-cp313-cp313-win_amd64.whl", hash = "sha256:813af4fba5d0b2cb8e58f5d95f7910295c34067dcc290d34f1be59c48bd1ea6a", size = 10620084 },
]

[[package]]
name = "pyglet"
version = "2.1.6"
source = { registry = "https://pypi.tuna.tsinghua.edu.cn/simple/" }
sdist = { url = "https://pypi.tuna.tsinghua.edu.cn/packages/f7/bc/0533ccb30566ee59b540d700dbbf916dafa89132a4d582d0fd1fe158243d/pyglet-2.1.6.tar.gz", hash = "sha256:18483880b1411b39692eaf7756819285797b1aaf9ef63d40eb9f9b5d01c63416", size = 6546705 }
wheels = [
    { url = "https://pypi.tuna.tsinghua.edu.cn/packages/a3/ad/e16f9b56c4a935934341e385753d0d0a2a83b7d320e52906b44f32698feb/pyglet-2.1.6-py3-none-any.whl", hash = "sha256:52ef9e75f3969b6a28bfa5c223e50ff03a05c2baa67bfe00d2a9eec4e831a7c5", size = 983998 },
]

[[package]]
name = "qriadrama"
version = "1.0.0"
source = { virtual = "." }
dependencies = [
    { name = "colorlog" },
    { name = "orjson" },
    { name = "pygame" },
    { name = "pyglet" },
]

[package.metadata]
requires-dist = [
    { name = "colorlog", specifier = ">=6.9.0" },
    { name = "orjson", specifier = ">=3.10.18" },
    { name = "pygame", specifier = ">=2.6.1" },
    { name = "pyglet", specifier = ">=2.1.6" },
]
